
Microsoft Visual Studio Solution File, Format Version 12.00
# Visual Studio Version 17
VisualStudioVersion = 17.14.36221.1 d17.14
MinimumVisualStudioVersion = 10.0.40219.1
Project("{FAE04EC0-301F-11D3-BF4B-00C04F79EFBC}") = "JWTAuthenticationOJT", "JWTAuthenticationOJT\JWTAuthenticationOJT.csproj", "{86A05B01-4C58-4415-9D69-155216F65A06}"
EndProject
Global
	GlobalSection(SolutionConfigurationPlatforms) = preSolution
		Debug|Any CPU = Debug|Any CPU
		Release|Any CPU = Release|Any CPU
	EndGlobalSection
	GlobalSection(ProjectConfigurationPlatforms) = postSolution
		{86A05B01-4C58-4415-9D69-155216F65A06}.Debug|Any CPU.ActiveCfg = Debug|Any CPU
		{86A05B01-4C58-4415-9D69-155216F65A06}.Debug|Any CPU.Build.0 = Debug|Any CPU
		{86A05B01-4C58-4415-9D69-155216F65A06}.Release|Any CPU.ActiveCfg = Release|Any CPU
		{86A05B01-4C58-4415-9D69-155216F65A06}.Release|Any CPU.Build.0 = Release|Any CPU
	EndGlobalSection
	GlobalSection(SolutionProperties) = preSolution
		HideSolutionNode = FALSE
	EndGlobalSection
	GlobalSection(ExtensibilityGlobals) = postSolution
		SolutionGuid = {07220C69-D20F-46F6-9DF1-6D3B2BB19345}
	EndGlobalSection
EndGlobal
